
Microsoft Visual Studio Solution File, Format Version 12.00
# Visual Studio Version 16
VisualStudioVersion = 16.0.29209.152
MinimumVisualStudioVersion = 10.0.40219.1
Project("{9A19103F-16F7-4668-BE54-9A1E7A4F7556}") = "Api", "Api\Api.csproj", "{38EE1914-C2BD-41F3-A8CC-F829C2AD6582}"
EndProject
Project("{FAE04EC0-301F-11D3-BF4B-00C04F79EFBC}") = "Api.Tests", "Api.Tests\Api.Tests.csproj", "{ACB54087-449D-4BBA-A630-53E020D51A25}"
EndProject
Global
	GlobalSection(SolutionConfigurationPlatforms) = preSolution
		Debug|Any CPU = Debug|Any CPU
		Release|Any CPU = Release|Any CPU
	EndGlobalSection
	GlobalSection(ProjectConfigurationPlatforms) = postSolution
		{38EE1914-C2BD-41F3-A8CC-F829C2AD6582}.Debug|Any CPU.ActiveCfg = Debug|Any CPU
		{38EE1914-C2BD-41F3-A8CC-F829C2AD6582}.Debug|Any CPU.Build.0 = Debug|Any CPU
		{38EE1914-C2BD-41F3-A8CC-F829C2AD6582}.Release|Any CPU.ActiveCfg = Release|Any CPU
		{38EE1914-C2BD-41F3-A8CC-F829C2AD6582}.Release|Any CPU.Build.0 = Release|Any CPU
		{ACB54087-449D-4BBA-A630-53E020D51A25}.Debug|Any CPU.ActiveCfg = Debug|Any CPU
		{ACB54087-449D-4BBA-A630-53E020D51A25}.Debug|Any CPU.Build.0 = Debug|Any CPU
		{ACB54087-449D-4BBA-A630-53E020D51A25}.Release|Any CPU.ActiveCfg = Release|Any CPU
		{ACB54087-449D-4BBA-A630-53E020D51A25}.Release|Any CPU.Build.0 = Release|Any CPU
	EndGlobalSection
	GlobalSection(SolutionProperties) = preSolution
		HideSolutionNode = FALSE
	EndGlobalSection
	GlobalSection(ExtensibilityGlobals) = postSolution
		SolutionGuid = {8771C750-AAF2-4E41-B91F-17B8AF9DBC48}
	EndGlobalSection
EndGlobal
